// !$*UTF8*$!
{
	archiveVersion = 1;
	classes = {
	};
	objectVersion = 46;
	objects = {

/* Begin PBXBuildFile section */
		D447E8461F74B05400DD19AE /* sublime.h in Headers */ = {isa = PBXBuildFile; fileRef = D447E8451F74B05400DD19AE /* sublime.h */; };
		D447E8481F74B05400DD19AE /* sublime.m in Sources */ = {isa = PBXBuildFile; fileRef = D447E8471F74B05400DD19AE /* sublime.m */; };
/* End PBXBuildFile section */

/* Begin PBXFileReference section */
		D447E8401F74B05300DD19AE /* libsublime.dylib */ = {isa = PBXFileReference; explicitFileType = "compiled.mach-o.dylib"; includeInIndex = 0; path = libsublime.dylib; sourceTree = BUILT_PRODUCTS_DIR; };
		D447E8441F74B05400DD19AE /* put mac app here */ = {isa = PBXFileReference; lastKnownFileType = text; name = "put mac app here"; path = "TargetApp/put mac app here"; sourceTree = "<group>"; };
		D447E8451F74B05400DD19AE /* sublime.h */ = {isa = PBXFileReference; lastKnownFileType = sourcecode.c.h; path = sublime.h; sourceTree = "<group>"; };
		D447E8471F74B05400DD19AE /* sublime.m */ = {isa = PBXFileReference; lastKnownFileType = sourcecode.c.objc; path = sublime.m; sourceTree = "<group>"; };
/* End PBXFileReference section */

/* Begin PBXFrameworksBuildPhase section */
		D447E83C1F74B05300DD19AE /* Frameworks */ = {
			isa = PBXFrameworksBuildPhase;
			buildActionMask = 2147483647;
			files = (
			);
			runOnlyForDeploymentPostprocessing = 0;
		};
/* End PBXFrameworksBuildPhase section */

/* Begin PBXGroup section */
		D447E8361F74B05300DD19AE = {
			isa = PBXGroup;
			children = (
				D447E8421F74B05300DD19AE /* sublime */,
				D447E8411F74B05300DD19AE /* Products */,
			);
			sourceTree = "<group>";
		};
		D447E8411F74B05300DD19AE /* Products */ = {
			isa = PBXGroup;
			children = (
				D447E8401F74B05300DD19AE /* libsublime.dylib */,
			);
			name = Products;
			sourceTree = "<group>";
		};
		D447E8421F74B05300DD19AE /* sublime */ = {
			isa = PBXGroup;
			children = (
				D447E8451F74B05400DD19AE /* sublime.h */,
				D447E8471F74B05400DD19AE /* sublime.m */,
				D447E8431F74B05300DD19AE /* TargetApp */,
			);
			path = sublime;
			sourceTree = "<group>";
		};
		D447E8431F74B05300DD19AE /* TargetApp */ = {
			isa = PBXGroup;
			children = (
				D447E8441F74B05400DD19AE /* put mac app here */,
			);
			name = TargetApp;
			sourceTree = "<group>";
		};
/* End PBXGroup section */

/* Begin PBXHeadersBuildPhase section */
		D447E83D1F74B05300DD19AE /* Headers */ = {
			isa = PBXHeadersBuildPhase;
			buildActionMask = 2147483647;
			files = (
				D447E8461F74B05400DD19AE /* sublime.h in Headers */,
			);
			runOnlyForDeploymentPostprocessing = 0;
		};
/* End PBXHeadersBuildPhase section */

/* Begin PBXNativeTarget section */
		D447E83F1F74B05300DD19AE /* sublime */ = {
			isa = PBXNativeTarget;
			buildConfigurationList = D447E84B1F74B05400DD19AE /* Build configuration list for PBXNativeTarget "sublime" */;
			buildPhases = (
				D447E83B1F74B05300DD19AE /* Sources */,
				D447E83C1F74B05300DD19AE /* Frameworks */,
				D447E83D1F74B05300DD19AE /* Headers */,
				D447E83E1F74B05300DD19AE /* ShellScript */,
			);
			buildRules = (
			);
			dependencies = (
			);
			name = sublime;
			productName = sublime;
			productReference = D447E8401F74B05300DD19AE /* libsublime.dylib */;
			productType = "com.apple.product-type.library.dynamic";
		};
/* End PBXNativeTarget section */

/* Begin PBXProject section */
		D447E8371F74B05300DD19AE /* Project object */ = {
			isa = PBXProject;
			attributes = {
				LastUpgradeCheck = 0830;
				ORGANIZATIONNAME = "刘智博";
				TargetAttributes = {
					D447E83F1F74B05300DD19AE = {
						CreatedOnToolsVersion = 8.3;
						DevelopmentTeam = RQCL2FVA6K;
						ProvisioningStyle = Automatic;
					};
				};
			};
			buildConfigurationList = D447E83A1F74B05300DD19AE /* Build configuration list for PBXProject "sublime" */;
			compatibilityVersion = "Xcode 3.2";
			developmentRegion = English;
			hasScannedForEncodings = 0;
			knownRegions = (
				en,
			);
			mainGroup = D447E8361F74B05300DD19AE;
			productRefGroup = D447E8411F74B05300DD19AE /* Products */;
			projectDirPath = "";
			projectRoot = "";
			targets = (
				D447E83F1F74B05300DD19AE /* sublime */,
			);
		};
/* End PBXProject section */

/* Begin PBXShellScriptBuildPhase section */
		D447E83E1F74B05300DD19AE /* ShellScript */ = {
			isa = PBXShellScriptBuildPhase;
			buildActionMask = 2147483647;
			files = (
			);
			inputPaths = (
			);
			outputPaths = (
			);
			runOnlyForDeploymentPostprocessing = 0;
			shellPath = /bin/sh;
			shellScript = /opt/MonkeyDev/Tools/packformac.sh;
		};
/* End PBXShellScriptBuildPhase section */

/* Begin PBXSourcesBuildPhase section */
		D447E83B1F74B05300DD19AE /* Sources */ = {
			isa = PBXSourcesBuildPhase;
			buildActionMask = 2147483647;
			files = (
				D447E8481F74B05400DD19AE /* sublime.m in Sources */,
			);
			runOnlyForDeploymentPostprocessing = 0;
		};
/* End PBXSourcesBuildPhase section */

/* Begin XCBuildConfiguration section */
		D447E8491F74B05400DD19AE /* Debug */ = {
			isa = XCBuildConfiguration;
			buildSettings = {
				ALWAYS_SEARCH_USER_PATHS = NO;
				CLANG_ANALYZER_NONNULL = YES;
				CLANG_ANALYZER_NUMBER_OBJECT_CONVERSION = YES_AGGRESSIVE;
				CLANG_CXX_LANGUAGE_STANDARD = "gnu++0x";
				CLANG_CXX_LIBRARY = "libc++";
				CLANG_ENABLE_MODULES = YES;
				CLANG_ENABLE_OBJC_ARC = YES;
				CLANG_WARN_BOOL_CONVERSION = YES;
				CLANG_WARN_CONSTANT_CONVERSION = YES;
				CLANG_WARN_DIRECT_OBJC_ISA_USAGE = YES_ERROR;
				CLANG_WARN_DOCUMENTATION_COMMENTS = YES;
				CLANG_WARN_EMPTY_BODY = YES;
				CLANG_WARN_ENUM_CONVERSION = YES;
				CLANG_WARN_INFINITE_RECURSION = YES;
				CLANG_WARN_INT_CONVERSION = YES;
				CLANG_WARN_OBJC_ROOT_CLASS = YES_ERROR;
				CLANG_WARN_SUSPICIOUS_MOVE = YES;
				CLANG_WARN_UNREACHABLE_CODE = YES;
				CLANG_WARN__DUPLICATE_METHOD_MATCH = YES;
				CODE_SIGN_IDENTITY = "-";
				COPY_PHASE_STRIP = NO;
				DEBUG_INFORMATION_FORMAT = dwarf;
				ENABLE_STRICT_OBJC_MSGSEND = YES;
				ENABLE_TESTABILITY = YES;
				GCC_C_LANGUAGE_STANDARD = gnu99;
				GCC_DYNAMIC_NO_PIC = NO;
				GCC_NO_COMMON_BLOCKS = YES;
				GCC_OPTIMIZATION_LEVEL = 0;
				GCC_PREPROCESSOR_DEFINITIONS = (
					"DEBUG=1",
					"$(inherited)",
				);
				GCC_WARN_64_TO_32_BIT_CONVERSION = YES;
				GCC_WARN_ABOUT_RETURN_TYPE = YES_ERROR;
				GCC_WARN_UNDECLARED_SELECTOR = YES;
				GCC_WARN_UNINITIALIZED_AUTOS = YES_AGGRESSIVE;
				GCC_WARN_UNUSED_FUNCTION = YES;
				GCC_WARN_UNUSED_VARIABLE = YES;
				HEADER_SEARCH_PATHS = (
					"$(inherited)",
					"$(MonkeyDevPath)/FrameworksForMac",
				);
				LIBRARY_SEARCH_PATHS = (
					"$(inherited)",
					"$(MonkeyDevPath)/FrameworksForMac",
				);
				MACOSX_DEPLOYMENT_TARGET = 10.12;
				MTL_ENABLE_DEBUG_INFO = YES;
				MonkeyDevPath = /opt/MonkeyDev;
				ONLY_ACTIVE_ARCH = YES;
				SDKROOT = macosx;
			};
			name = Debug;
		};
		D447E84A1F74B05400DD19AE /* Release */ = {
			isa = XCBuildConfiguration;
			buildSettings = {
				ALWAYS_SEARCH_USER_PATHS = NO;
				CLANG_ANALYZER_NONNULL = YES;
				CLANG_ANALYZER_NUMBER_OBJECT_CONVERSION = YES_AGGRESSIVE;
				CLANG_CXX_LANGUAGE_STANDARD = "gnu++0x";
				CLANG_CXX_LIBRARY = "libc++";
				CLANG_ENABLE_MODULES = YES;
				CLANG_ENABLE_OBJC_ARC = YES;
				CLANG_WARN_BOOL_CONVERSION = YES;
				CLANG_WARN_CONSTANT_CONVERSION = YES;
				CLANG_WARN_DIRECT_OBJC_ISA_USAGE = YES_ERROR;
				CLANG_WARN_DOCUMENTATION_COMMENTS = YES;
				CLANG_WARN_EMPTY_BODY = YES;
				CLANG_WARN_ENUM_CONVERSION = YES;
				CLANG_WARN_INFINITE_RECURSION = YES;
				CLANG_WARN_INT_CONVERSION = YES;
				CLANG_WARN_OBJC_ROOT_CLASS = YES_ERROR;
				CLANG_WARN_SUSPICIOUS_MOVE = YES;
				CLANG_WARN_UNREACHABLE_CODE = YES;
				CLANG_WARN__DUPLICATE_METHOD_MATCH = YES;
				CODE_SIGN_IDENTITY = "-";
				COPY_PHASE_STRIP = NO;
				DEBUG_INFORMATION_FORMAT = "dwarf-with-dsym";
				ENABLE_NS_ASSERTIONS = NO;
				ENABLE_STRICT_OBJC_MSGSEND = YES;
				GCC_C_LANGUAGE_STANDARD = gnu99;
				GCC_NO_COMMON_BLOCKS = YES;
				GCC_WARN_64_TO_32_BIT_CONVERSION = YES;
				GCC_WARN_ABOUT_RETURN_TYPE = YES_ERROR;
				GCC_WARN_UNDECLARED_SELECTOR = YES;
				GCC_WARN_UNINITIALIZED_AUTOS = YES_AGGRESSIVE;
				GCC_WARN_UNUSED_FUNCTION = YES;
				GCC_WARN_UNUSED_VARIABLE = YES;
				HEADER_SEARCH_PATHS = (
					"$(inherited)",
					"$(MonkeyDevPath)/FrameworksForMac",
				);
				LIBRARY_SEARCH_PATHS = (
					"$(inherited)",
					"$(MonkeyDevPath)/FrameworksForMac",
				);
				MACOSX_DEPLOYMENT_TARGET = 10.12;
				MTL_ENABLE_DEBUG_INFO = NO;
				MonkeyDevPath = /opt/MonkeyDev;
				SDKROOT = macosx;
			};
			name = Release;
		};
		D447E84C1F74B05400DD19AE /* Debug */ = {
			isa = XCBuildConfiguration;
			buildSettings = {
				DEVELOPMENT_TEAM = RQCL2FVA6K;
				DYLIB_COMPATIBILITY_VERSION = 1;
				DYLIB_CURRENT_VERSION = 1;
				EXECUTABLE_PREFIX = lib;
				INSTALL_PATH = "@executable_path/libsublime.dylib";
				OTHER_LDFLAGS = (
					"$(inherited)",
					"-lsubstitute",
				);
				PRODUCT_NAME = "$(TARGET_NAME)";
			};
			name = Debug;
		};
		D447E84D1F74B05400DD19AE /* Release */ = {
			isa = XCBuildConfiguration;
			buildSettings = {
				DEVELOPMENT_TEAM = RQCL2FVA6K;
				DYLIB_COMPATIBILITY_VERSION = 1;
				DYLIB_CURRENT_VERSION = 1;
				EXECUTABLE_PREFIX = lib;
				INSTALL_PATH = "@executable_path/libsublime.dylib";
				OTHER_LDFLAGS = (
					"$(inherited)",
					"-lsubstitute",
				);
				PRODUCT_NAME = "$(TARGET_NAME)";
			};
			name = Release;
		};
/* End XCBuildConfiguration section */

/* Begin XCConfigurationList section */
		D447E83A1F74B05300DD19AE /* Build configuration list for PBXProject "sublime" */ = {
			isa = XCConfigurationList;
			buildConfigurations = (
				D447E8491F74B05400DD19AE /* Debug */,
				D447E84A1F74B05400DD19AE /* Release */,
			);
			defaultConfigurationIsVisible = 0;
			defaultConfigurationName = Release;
		};
		D447E84B1F74B05400DD19AE /* Build configuration list for PBXNativeTarget "sublime" */ = {
			isa = XCConfigurationList;
			buildConfigurations = (
				D447E84C1F74B05400DD19AE /* Debug */,
				D447E84D1F74B05400DD19AE /* Release */,
			);
			defaultConfigurationIsVisible = 0;
		};
/* End XCConfigurationList section */
	};
	rootObject = D447E8371F74B05300DD19AE /* Project object */;
}
